
Microsoft Visual Studio Solution File, Format Version 12.00
# Visual Studio Version 17
VisualStudioVersion = 17.7.34202.233
MinimumVisualStudioVersion = 10.0.40219.1
Project("{8BC9CEB8-8B4A-11D0-8D11-00A0C91BC942}") = "Lab10_Var11_Khrapkov", "Lab10_Var11_Khrapkov.vcxproj", "{EB4B30F9-706C-458B-871F-65F940E05229}"
EndProject
Global
	GlobalSection(SolutionConfigurationPlatforms) = preSolution
		Debug|ARM64 = Debug|ARM64
		Debug|x64 = Debug|x64
		Debug|x86 = Debug|x86
		Release|ARM64 = Release|ARM64
		Release|x64 = Release|x64
		Release|x86 = Release|x86
	EndGlobalSection
	GlobalSection(ProjectConfigurationPlatforms) = postSolution
		{EB4B30F9-706C-458B-871F-65F940E05229}.Debug|ARM64.ActiveCfg = Debug|ARM64
		{EB4B30F9-706C-458B-871F-65F940E05229}.Debug|ARM64.Build.0 = Debug|ARM64
		{EB4B30F9-706C-458B-871F-65F940E05229}.Debug|x64.ActiveCfg = Debug|x64
		{EB4B30F9-706C-458B-871F-65F940E05229}.Debug|x64.Build.0 = Debug|x64
		{EB4B30F9-706C-458B-871F-65F940E05229}.Debug|x86.ActiveCfg = Debug|Win32
		{EB4B30F9-706C-458B-871F-65F940E05229}.Debug|x86.Build.0 = Debug|Win32
		{EB4B30F9-706C-458B-871F-65F940E05229}.Release|ARM64.ActiveCfg = Release|ARM64
		{EB4B30F9-706C-458B-871F-65F940E05229}.Release|ARM64.Build.0 = Release|ARM64
		{EB4B30F9-706C-458B-871F-65F940E05229}.Release|x64.ActiveCfg = Release|x64
		{EB4B30F9-706C-458B-871F-65F940E05229}.Release|x64.Build.0 = Release|x64
		{EB4B30F9-706C-458B-871F-65F940E05229}.Release|x86.ActiveCfg = Release|Win32
		{EB4B30F9-706C-458B-871F-65F940E05229}.Release|x86.Build.0 = Release|Win32
	EndGlobalSection
	GlobalSection(SolutionProperties) = preSolution
		HideSolutionNode = FALSE
	EndGlobalSection
	GlobalSection(ExtensibilityGlobals) = postSolution
		SolutionGuid = {63795EB1-EDE5-421E-AEB9-256DB4AF72AB}
	EndGlobalSection
EndGlobal
